
Microsoft Visual Studio Solution File, Format Version 12.00
# Visual Studio Version 17
VisualStudioVersion = 17.3.32901.215
MinimumVisualStudioVersion = 10.0.40219.1
Project("{9A19103F-16F7-4668-BE54-9A1E7A4F7556}") = "Bazaar.DAL", "Bazaar.DAL\Bazaar.DAL.csproj", "{CC4F6EF6-9E95-45A3-9CF8-140F805CBEDB}"
EndProject
Project("{9A19103F-16F7-4668-BE54-9A1E7A4F7556}") = "Bazaar.Infrastructure.EFCore.Tests", "Bazaar.DAL.Tests\Bazaar.Infrastructure.EFCore.Tests.csproj", "{F3ACED5F-8897-4B02-90F6-F2AF272CA4A0}"
EndProject
Project("{9A19103F-16F7-4668-BE54-9A1E7A4F7556}") = "Bazaar.Infrastructure", "Bazaar.Infrastructure\Bazaar.Infrastructure.csproj", "{5D6DD52F-A614-4EBB-BA4C-89B434243620}"
EndProject
Project("{9A19103F-16F7-4668-BE54-9A1E7A4F7556}") = "Bazaar.Infrastructure.EFCore", "Bazaar.Infrastructure.EFCore\Bazaar.Infrastructure.EFCore.csproj", "{20BD5B09-8E9E-48E6-94B4-DC118B0EB1D9}"
EndProject
Project("{9A19103F-16F7-4668-BE54-9A1E7A4F7556}") = "Bazaar.BL", "Bazaar.BL\Bazaar.BL.csproj", "{89F89EBA-FC54-4B0D-9C71-D317CA096632}"
EndProject
Project("{9A19103F-16F7-4668-BE54-9A1E7A4F7556}") = "Bazzar.Bl.Tests", "Bazzar.Bl.Tests\Bazzar.Bl.Tests.csproj", "{BD02A2A5-E70B-465E-B3C3-3A2042EEB8B2}"
EndProject
Project("{FAE04EC0-301F-11D3-BF4B-00C04F79EFBC}") = "Bazaar", "Bazaar\Bazaar.csproj", "{6DDEE60B-65D5-4A3B-A17E-F46CE17EBF09}"
	ProjectSection(ProjectDependencies) = postProject
		{89F89EBA-FC54-4B0D-9C71-D317CA096632} = {89F89EBA-FC54-4B0D-9C71-D317CA096632}
	EndProjectSection
EndProject
Global
	GlobalSection(SolutionConfigurationPlatforms) = preSolution
		Debug|Any CPU = Debug|Any CPU
		Release|Any CPU = Release|Any CPU
	EndGlobalSection
	GlobalSection(ProjectConfigurationPlatforms) = postSolution
		{CC4F6EF6-9E95-45A3-9CF8-140F805CBEDB}.Debug|Any CPU.ActiveCfg = Debug|Any CPU
		{CC4F6EF6-9E95-45A3-9CF8-140F805CBEDB}.Debug|Any CPU.Build.0 = Debug|Any CPU
		{CC4F6EF6-9E95-45A3-9CF8-140F805CBEDB}.Release|Any CPU.ActiveCfg = Release|Any CPU
		{CC4F6EF6-9E95-45A3-9CF8-140F805CBEDB}.Release|Any CPU.Build.0 = Release|Any CPU
		{F3ACED5F-8897-4B02-90F6-F2AF272CA4A0}.Debug|Any CPU.ActiveCfg = Debug|Any CPU
		{F3ACED5F-8897-4B02-90F6-F2AF272CA4A0}.Debug|Any CPU.Build.0 = Debug|Any CPU
		{F3ACED5F-8897-4B02-90F6-F2AF272CA4A0}.Release|Any CPU.ActiveCfg = Release|Any CPU
		{F3ACED5F-8897-4B02-90F6-F2AF272CA4A0}.Release|Any CPU.Build.0 = Release|Any CPU
		{5D6DD52F-A614-4EBB-BA4C-89B434243620}.Debug|Any CPU.ActiveCfg = Debug|Any CPU
		{5D6DD52F-A614-4EBB-BA4C-89B434243620}.Debug|Any CPU.Build.0 = Debug|Any CPU
		{5D6DD52F-A614-4EBB-BA4C-89B434243620}.Release|Any CPU.ActiveCfg = Release|Any CPU
		{5D6DD52F-A614-4EBB-BA4C-89B434243620}.Release|Any CPU.Build.0 = Release|Any CPU
		{20BD5B09-8E9E-48E6-94B4-DC118B0EB1D9}.Debug|Any CPU.ActiveCfg = Debug|Any CPU
		{20BD5B09-8E9E-48E6-94B4-DC118B0EB1D9}.Debug|Any CPU.Build.0 = Debug|Any CPU
		{20BD5B09-8E9E-48E6-94B4-DC118B0EB1D9}.Release|Any CPU.ActiveCfg = Release|Any CPU
		{20BD5B09-8E9E-48E6-94B4-DC118B0EB1D9}.Release|Any CPU.Build.0 = Release|Any CPU
		{89F89EBA-FC54-4B0D-9C71-D317CA096632}.Debug|Any CPU.ActiveCfg = Debug|Any CPU
		{89F89EBA-FC54-4B0D-9C71-D317CA096632}.Debug|Any CPU.Build.0 = Debug|Any CPU
		{89F89EBA-FC54-4B0D-9C71-D317CA096632}.Release|Any CPU.ActiveCfg = Release|Any CPU
		{89F89EBA-FC54-4B0D-9C71-D317CA096632}.Release|Any CPU.Build.0 = Release|Any CPU
		{BD02A2A5-E70B-465E-B3C3-3A2042EEB8B2}.Debug|Any CPU.ActiveCfg = Debug|Any CPU
		{BD02A2A5-E70B-465E-B3C3-3A2042EEB8B2}.Debug|Any CPU.Build.0 = Debug|Any CPU
		{BD02A2A5-E70B-465E-B3C3-3A2042EEB8B2}.Release|Any CPU.ActiveCfg = Release|Any CPU
		{BD02A2A5-E70B-465E-B3C3-3A2042EEB8B2}.Release|Any CPU.Build.0 = Release|Any CPU
		{6DDEE60B-65D5-4A3B-A17E-F46CE17EBF09}.Debug|Any CPU.ActiveCfg = Debug|Any CPU
		{6DDEE60B-65D5-4A3B-A17E-F46CE17EBF09}.Debug|Any CPU.Build.0 = Debug|Any CPU
		{6DDEE60B-65D5-4A3B-A17E-F46CE17EBF09}.Release|Any CPU.ActiveCfg = Release|Any CPU
		{6DDEE60B-65D5-4A3B-A17E-F46CE17EBF09}.Release|Any CPU.Build.0 = Release|Any CPU
	EndGlobalSection
	GlobalSection(SolutionProperties) = preSolution
		HideSolutionNode = FALSE
	EndGlobalSection
	GlobalSection(ExtensibilityGlobals) = postSolution
		SolutionGuid = {E975E72A-732A-453D-8CE3-ED52B1034A80}
	EndGlobalSection
EndGlobal
